
Microsoft Visual Studio Solution File, Format Version 12.00
# Visual Studio Version 16
VisualStudioVersion = 16.0.29102.190
MinimumVisualStudioVersion = 10.0.40219.1
Project("{FAE04EC0-301F-11D3-BF4B-00C04F79EFBC}") = "EntelectChallenge", "EntelectChallenge.csproj", "{18AC159B-A8FF-437A-A5DA-0F7B0107700E}"
EndProject
Global
	GlobalSection(SolutionConfigurationPlatforms) = preSolution
		Debug|Any CPU = Debug|Any CPU
		Release|Any CPU = Release|Any CPU
	EndGlobalSection
	GlobalSection(ProjectConfigurationPlatforms) = postSolution
		{18AC159B-A8FF-437A-A5DA-0F7B0107700E}.Debug|Any CPU.ActiveCfg = Debug|Any CPU
		{18AC159B-A8FF-437A-A5DA-0F7B0107700E}.Debug|Any CPU.Build.0 = Debug|Any CPU
		{18AC159B-A8FF-437A-A5DA-0F7B0107700E}.Release|Any CPU.ActiveCfg = Release|Any CPU
		{18AC159B-A8FF-437A-A5DA-0F7B0107700E}.Release|Any CPU.Build.0 = Release|Any CPU
	EndGlobalSection
	GlobalSection(SolutionProperties) = preSolution
		HideSolutionNode = FALSE
	EndGlobalSection
	GlobalSection(ExtensibilityGlobals) = postSolution
		SolutionGuid = {979F1085-421A-4B4A-8ADB-70933859B559}
	EndGlobalSection
EndGlobal
